// !$*UTF8*$!
{
	archiveVersion = 1;
	classes = {
	};
	objectVersion = 51;
	objects = {

/* Begin PBXBuildFile section */
		3B71E4D370B6A451CE06799B /* Pods_flixsterTests.framework in Frameworks */ = {isa = PBXBuildFile; fileRef = A412204890EC5C43491DC5A2 /* Pods_flixsterTests.framework */; };
		A44A155F251EDE78004DE5FF /* AppDelegate.swift in Sources */ = {isa = PBXBuildFile; fileRef = A44A155E251EDE78004DE5FF /* AppDelegate.swift */; };
		A44A1561251EDE78004DE5FF /* SceneDelegate.swift in Sources */ = {isa = PBXBuildFile; fileRef = A44A1560251EDE78004DE5FF /* SceneDelegate.swift */; };
		A44A1566251EDE78004DE5FF /* Main.storyboard in Resources */ = {isa = PBXBuildFile; fileRef = A44A1564251EDE78004DE5FF /* Main.storyboard */; };
		A44A1568251EDE78004DE5FF /* Assets.xcassets in Resources */ = {isa = PBXBuildFile; fileRef = A44A1567251EDE78004DE5FF /* Assets.xcassets */; };
		A44A156B251EDE78004DE5FF /* LaunchScreen.storyboard in Resources */ = {isa = PBXBuildFile; fileRef = A44A1569251EDE78004DE5FF /* LaunchScreen.storyboard */; };
		A44A1576251EDE78004DE5FF /* flixsterTests.swift in Sources */ = {isa = PBXBuildFile; fileRef = A44A1575251EDE78004DE5FF /* flixsterTests.swift */; };
		A44A1581251EDE78004DE5FF /* flixsterUITests.swift in Sources */ = {isa = PBXBuildFile; fileRef = A44A1580251EDE78004DE5FF /* flixsterUITests.swift */; };
		A44A159D251EDF15004DE5FF /* MoviesViewController.swift in Sources */ = {isa = PBXBuildFile; fileRef = A44A159C251EDF15004DE5FF /* MoviesViewController.swift */; };
		A44A15A2251EF609004DE5FF /* MovieCell.swift in Sources */ = {isa = PBXBuildFile; fileRef = A44A15A1251EF609004DE5FF /* MovieCell.swift */; };
		A4C765732527E947007BA13E /* MovieDetailsViewController.swift in Sources */ = {isa = PBXBuildFile; fileRef = A4C765722527E947007BA13E /* MovieDetailsViewController.swift */; };
		A4C765782527FB60007BA13E /* MovieGridViewController.swift in Sources */ = {isa = PBXBuildFile; fileRef = A4C765772527FB60007BA13E /* MovieGridViewController.swift */; };
		A4C7657D2527FF4F007BA13E /* MovieGridCell.swift in Sources */ = {isa = PBXBuildFile; fileRef = A4C7657C2527FF4F007BA13E /* MovieGridCell.swift */; };
		ABE12BF0DC5E8D83124AAA11 /* Pods_flixster_flixsterUITests.framework in Frameworks */ = {isa = PBXBuildFile; fileRef = CE1385D7BF81D9481EDAD78F /* Pods_flixster_flixsterUITests.framework */; };
		ADEB83D5FA84D92BDB18A2B5 /* Pods_flixster.framework in Frameworks */ = {isa = PBXBuildFile; fileRef = 9DF99886E074984DB0633DCE /* Pods_flixster.framework */; };
/* End PBXBuildFile section */

/* Begin PBXContainerItemProxy section */
		A44A1572251EDE78004DE5FF /* PBXContainerItemProxy */ = {
			isa = PBXContainerItemProxy;
			containerPortal = A44A1553251EDE78004DE5FF /* Project object */;
			proxyType = 1;
			remoteGlobalIDString = A44A155A251EDE78004DE5FF;
			remoteInfo = flixster;
		};
		A44A157D251EDE78004DE5FF /* PBXContainerItemProxy */ = {
			isa = PBXContainerItemProxy;
			containerPortal = A44A1553251EDE78004DE5FF /* Project object */;
			proxyType = 1;
			remoteGlobalIDString = A44A155A251EDE78004DE5FF;
			remoteInfo = flixster;
		};
/* End PBXContainerItemProxy section */

/* Begin PBXFileReference section */
		14FF8DC5F05F1AD051F65B48 /* Pods-flixsterTests.debug.xcconfig */ = {isa = PBXFileReference; includeInIndex = 1; lastKnownFileType = text.xcconfig; name = "Pods-flixsterTests.debug.xcconfig"; path = "Target Support Files/Pods-flixsterTests/Pods-flixsterTests.debug.xcconfig"; sourceTree = "<group>"; };
		34D4F80C9ECFC4FEC1742FAB /* Pods-flixster.debug.xcconfig */ = {isa = PBXFileReference; includeInIndex = 1; lastKnownFileType = text.xcconfig; name = "Pods-flixster.debug.xcconfig"; path = "Target Support Files/Pods-flixster/Pods-flixster.debug.xcconfig"; sourceTree = "<group>"; };
		55223D21B2106BC593EA9602 /* Pods-flixster.release.xcconfig */ = {isa = PBXFileReference; includeInIndex = 1; lastKnownFileType = text.xcconfig; name = "Pods-flixster.release.xcconfig"; path = "Target Support Files/Pods-flixster/Pods-flixster.release.xcconfig"; sourceTree = "<group>"; };
		9DF99886E074984DB0633DCE /* Pods_flixster.framework */ = {isa = PBXFileReference; explicitFileType = wrapper.framework; includeInIndex = 0; path = Pods_flixster.framework; sourceTree = BUILT_PRODUCTS_DIR; };
		A412204890EC5C43491DC5A2 /* Pods_flixsterTests.framework */ = {isa = PBXFileReference; explicitFileType = wrapper.framework; includeInIndex = 0; path = Pods_flixsterTests.framework; sourceTree = BUILT_PRODUCTS_DIR; };
		A44A155B251EDE78004DE5FF /* flixster.app */ = {isa = PBXFileReference; explicitFileType = wrapper.application; includeInIndex = 0; path = flixster.app; sourceTree = BUILT_PRODUCTS_DIR; };
		A44A155E251EDE78004DE5FF /* AppDelegate.swift */ = {isa = PBXFileReference; lastKnownFileType = sourcecode.swift; path = AppDelegate.swift; sourceTree = "<group>"; };
		A44A1560251EDE78004DE5FF /* SceneDelegate.swift */ = {isa = PBXFileReference; lastKnownFileType = sourcecode.swift; path = SceneDelegate.swift; sourceTree = "<group>"; };
		A44A1565251EDE78004DE5FF /* Base */ = {isa = PBXFileReference; lastKnownFileType = file.storyboard; name = Base; path = Base.lproj/Main.storyboard; sourceTree = "<group>"; };
		A44A1567251EDE78004DE5FF /* Assets.xcassets */ = {isa = PBXFileReference; lastKnownFileType = folder.assetcatalog; path = Assets.xcassets; sourceTree = "<group>"; };
		A44A156A251EDE78004DE5FF /* Base */ = {isa = PBXFileReference; lastKnownFileType = file.storyboard; name = Base; path = Base.lproj/LaunchScreen.storyboard; sourceTree = "<group>"; };
		A44A156C251EDE78004DE5FF /* Info.plist */ = {isa = PBXFileReference; lastKnownFileType = text.plist.xml; path = Info.plist; sourceTree = "<group>"; };
		A44A1571251EDE78004DE5FF /* flixsterTests.xctest */ = {isa = PBXFileReference; explicitFileType = wrapper.cfbundle; includeInIndex = 0; path = flixsterTests.xctest; sourceTree = BUILT_PRODUCTS_DIR; };
		A44A1575251EDE78004DE5FF /* flixsterTests.swift */ = {isa = PBXFileReference; lastKnownFileType = sourcecode.swift; path = flixsterTests.swift; sourceTree = "<group>"; };
		A44A1577251EDE78004DE5FF /* Info.plist */ = {isa = PBXFileReference; lastKnownFileType = text.plist.xml; path = Info.plist; sourceTree = "<group>"; };
		A44A157C251EDE78004DE5FF /* flixsterUITests.xctest */ = {isa = PBXFileReference; explicitFileType = wrapper.cfbundle; includeInIndex = 0; path = flixsterUITests.xctest; sourceTree = BUILT_PRODUCTS_DIR; };
		A44A1580251EDE78004DE5FF /* flixsterUITests.swift */ = {isa = PBXFileReference; lastKnownFileType = sourcecode.swift; path = flixsterUITests.swift; sourceTree = "<group>"; };
		A44A1582251EDE78004DE5FF /* Info.plist */ = {isa = PBXFileReference; lastKnownFileType = text.plist.xml; path = Info.plist; sourceTree = "<group>"; };
		A44A159C251EDF15004DE5FF /* MoviesViewController.swift */ = {isa = PBXFileReference; lastKnownFileType = sourcecode.swift; path = MoviesViewController.swift; sourceTree = "<group>"; };
		A44A15A1251EF609004DE5FF /* MovieCell.swift */ = {isa = PBXFileReference; lastKnownFileType = sourcecode.swift; path = MovieCell.swift; sourceTree = "<group>"; };
		A4C765722527E947007BA13E /* MovieDetailsViewController.swift */ = {isa = PBXFileReference; lastKnownFileType = sourcecode.swift; path = MovieDetailsViewController.swift; sourceTree = "<group>"; };
		A4C765772527FB60007BA13E /* MovieGridViewController.swift */ = {isa = PBXFileReference; lastKnownFileType = sourcecode.swift; path = MovieGridViewController.swift; sourceTree = "<group>"; };
		A4C7657C2527FF4F007BA13E /* MovieGridCell.swift */ = {isa = PBXFileReference; lastKnownFileType = sourcecode.swift; path = MovieGridCell.swift; sourceTree = "<group>"; };
		A5CD94EE5D1C4956A30F0DAE /* Pods-flixster-flixsterUITests.release.xcconfig */ = {isa = PBXFileReference; includeInIndex = 1; lastKnownFileType = text.xcconfig; name = "Pods-flixster-flixsterUITests.release.xcconfig"; path = "Target Support Files/Pods-flixster-flixsterUITests/Pods-flixster-flixsterUITests.release.xcconfig"; sourceTree = "<group>"; };
		CB3ADAB5DB72545B037B1169 /* Pods-flixsterTests.release.xcconfig */ = {isa = PBXFileReference; includeInIndex = 1; lastKnownFileType = text.xcconfig; name = "Pods-flixsterTests.release.xcconfig"; path = "Target Support Files/Pods-flixsterTests/Pods-flixsterTests.release.xcconfig"; sourceTree = "<group>"; };
		CC29A5083D499330796D94B4 /* Pods-flixster-flixsterUITests.debug.xcconfig */ = {isa = PBXFileReference; includeInIndex = 1; lastKnownFileType = text.xcconfig; name = "Pods-flixster-flixsterUITests.debug.xcconfig"; path = "Target Support Files/Pods-flixster-flixsterUITests/Pods-flixster-flixsterUITests.debug.xcconfig"; sourceTree = "<group>"; };
		CE1385D7BF81D9481EDAD78F /* Pods_flixster_flixsterUITests.framework */ = {isa = PBXFileReference; explicitFileType = wrapper.framework; includeInIndex = 0; path = Pods_flixster_flixsterUITests.framework; sourceTree = BUILT_PRODUCTS_DIR; };
/* End PBXFileReference section */

/* Begin PBXFrameworksBuildPhase section */
		A44A1558251EDE78004DE5FF /* Frameworks */ = {
			isa = PBXFrameworksBuildPhase;
			buildActionMask = 2147483647;
			files = (
				ADEB83D5FA84D92BDB18A2B5 /* Pods_flixster.framework in Frameworks */,
			);
			runOnlyForDeploymentPostprocessing = 0;
		};
		A44A156E251EDE78004DE5FF /* Frameworks */ = {
			isa = PBXFrameworksBuildPhase;
			buildActionMask = 2147483647;
			files = (
				3B71E4D370B6A451CE06799B /* Pods_flixsterTests.framework in Frameworks */,
			);
			runOnlyForDeploymentPostprocessing = 0;
		};
		A44A1579251EDE78004DE5FF /* Frameworks */ = {
			isa = PBXFrameworksBuildPhase;
			buildActionMask = 2147483647;
			files = (
				ABE12BF0DC5E8D83124AAA11 /* Pods_flixster_flixsterUITests.framework in Frameworks */,
			);
			runOnlyForDeploymentPostprocessing = 0;
		};
/* End PBXFrameworksBuildPhase section */

/* Begin PBXGroup section */
		6868F04C7F2C91BA87063718 /* Pods */ = {
			isa = PBXGroup;
			children = (
				34D4F80C9ECFC4FEC1742FAB /* Pods-flixster.debug.xcconfig */,
				55223D21B2106BC593EA9602 /* Pods-flixster.release.xcconfig */,
				CC29A5083D499330796D94B4 /* Pods-flixster-flixsterUITests.debug.xcconfig */,
				A5CD94EE5D1C4956A30F0DAE /* Pods-flixster-flixsterUITests.release.xcconfig */,
				14FF8DC5F05F1AD051F65B48 /* Pods-flixsterTests.debug.xcconfig */,
				CB3ADAB5DB72545B037B1169 /* Pods-flixsterTests.release.xcconfig */,
			);
			path = Pods;
			sourceTree = "<group>";
		};
		7DD0AC93ADB1DFEF47220701 /* Frameworks */ = {
			isa = PBXGroup;
			children = (
				9DF99886E074984DB0633DCE /* Pods_flixster.framework */,
				CE1385D7BF81D9481EDAD78F /* Pods_flixster_flixsterUITests.framework */,
				A412204890EC5C43491DC5A2 /* Pods_flixsterTests.framework */,
			);
			name = Frameworks;
			sourceTree = "<group>";
		};
		A44A1552251EDE78004DE5FF = {
			isa = PBXGroup;
			children = (
				A44A155D251EDE78004DE5FF /* flixster */,
				A44A1574251EDE78004DE5FF /* flixsterTests */,
				A44A157F251EDE78004DE5FF /* flixsterUITests */,
				A44A155C251EDE78004DE5FF /* Products */,
				6868F04C7F2C91BA87063718 /* Pods */,
				7DD0AC93ADB1DFEF47220701 /* Frameworks */,
			);
			sourceTree = "<group>";
		};
		A44A155C251EDE78004DE5FF /* Products */ = {
			isa = PBXGroup;
			children = (
				A44A155B251EDE78004DE5FF /* flixster.app */,
				A44A1571251EDE78004DE5FF /* flixsterTests.xctest */,
				A44A157C251EDE78004DE5FF /* flixsterUITests.xctest */,
			);
			name = Products;
			sourceTree = "<group>";
		};
		A44A155D251EDE78004DE5FF /* flixster */ = {
			isa = PBXGroup;
			children = (
				A44A155E251EDE78004DE5FF /* AppDelegate.swift */,
				A44A1560251EDE78004DE5FF /* SceneDelegate.swift */,
				A44A1564251EDE78004DE5FF /* Main.storyboard */,
				A44A15A1251EF609004DE5FF /* MovieCell.swift */,
				A44A1567251EDE78004DE5FF /* Assets.xcassets */,
				A44A1569251EDE78004DE5FF /* LaunchScreen.storyboard */,
				A44A156C251EDE78004DE5FF /* Info.plist */,
				A44A159C251EDF15004DE5FF /* MoviesViewController.swift */,
				A4C765722527E947007BA13E /* MovieDetailsViewController.swift */,
				A4C765772527FB60007BA13E /* MovieGridViewController.swift */,
				A4C7657C2527FF4F007BA13E /* MovieGridCell.swift */,
			);
			path = flixster;
			sourceTree = "<group>";
		};
		A44A1574251EDE78004DE5FF /* flixsterTests */ = {
			isa = PBXGroup;
			children = (
				A44A1575251EDE78004DE5FF /* flixsterTests.swift */,
				A44A1577251EDE78004DE5FF /* Info.plist */,
			);
			path = flixsterTests;
			sourceTree = "<group>";
		};
		A44A157F251EDE78004DE5FF /* flixsterUITests */ = {
			isa = PBXGroup;
			children = (
				A44A1580251EDE78004DE5FF /* flixsterUITests.swift */,
				A44A1582251EDE78004DE5FF /* Info.plist */,
			);
			path = flixsterUITests;
			sourceTree = "<group>";
		};
/* End PBXGroup section */

/* Begin PBXNativeTarget section */
		A44A155A251EDE78004DE5FF /* flixster */ = {
			isa = PBXNativeTarget;
			buildConfigurationList = A44A1585251EDE78004DE5FF /* Build configuration list for PBXNativeTarget "flixster" */;
			buildPhases = (
				506923E58528FFC04940E060 /* [CP] Check Pods Manifest.lock */,
				A44A1557251EDE78004DE5FF /* Sources */,
				A44A1558251EDE78004DE5FF /* Frameworks */,
				A44A1559251EDE78004DE5FF /* Resources */,
				203F9EA127053E27AD1162CD /* [CP] Embed Pods Frameworks */,
			);
			buildRules = (
			);
			dependencies = (
			);
			name = flixster;
			productName = flixster;
			productReference = A44A155B251EDE78004DE5FF /* flixster.app */;
			productType = "com.apple.product-type.application";
		};
		A44A1570251EDE78004DE5FF /* flixsterTests */ = {
			isa = PBXNativeTarget;
			buildConfigurationList = A44A1588251EDE78004DE5FF /* Build configuration list for PBXNativeTarget "flixsterTests" */;
			buildPhases = (
				56558710F1750D6721324A06 /* [CP] Check Pods Manifest.lock */,
				A44A156D251EDE78004DE5FF /* Sources */,
				A44A156E251EDE78004DE5FF /* Frameworks */,
				A44A156F251EDE78004DE5FF /* Resources */,
			);
			buildRules = (
			);
			dependencies = (
				A44A1573251EDE78004DE5FF /* PBXTargetDependency */,
			);
			name = flixsterTests;
			productName = flixsterTests;
			productReference = A44A1571251EDE78004DE5FF /* flixsterTests.xctest */;
			productType = "com.apple.product-type.bundle.unit-test";
		};
		A44A157B251EDE78004DE5FF /* flixsterUITests */ = {
			isa = PBXNativeTarget;
			buildConfigurationList = A44A158B251EDE78004DE5FF /* Build configuration list for PBXNativeTarget "flixsterUITests" */;
			buildPhases = (
				D76B95480B79BFBE4F0BBEF6 /* [CP] Check Pods Manifest.lock */,
				A44A1578251EDE78004DE5FF /* Sources */,
				A44A1579251EDE78004DE5FF /* Frameworks */,
				A44A157A251EDE78004DE5FF /* Resources */,
				1C1E6EC6D97C445D46E1E4D7 /* [CP] Embed Pods Frameworks */,
			);
			buildRules = (
			);
			dependencies = (
				A44A157E251EDE78004DE5FF /* PBXTargetDependency */,
			);
			name = flixsterUITests;
			productName = flixsterUITests;
			productReference = A44A157C251EDE78004DE5FF /* flixsterUITests.xctest */;
			productType = "com.apple.product-type.bundle.ui-testing";
		};
/* End PBXNativeTarget section */

/* Begin PBXProject section */
		A44A1553251EDE78004DE5FF /* Project object */ = {
			isa = PBXProject;
			attributes = {
				LastSwiftUpdateCheck = 1200;
				LastUpgradeCheck = 1200;
				TargetAttributes = {
					A44A155A251EDE78004DE5FF = {
						CreatedOnToolsVersion = 12.0;
					};
					A44A1570251EDE78004DE5FF = {
						CreatedOnToolsVersion = 12.0;
						TestTargetID = A44A155A251EDE78004DE5FF;
					};
					A44A157B251EDE78004DE5FF = {
						CreatedOnToolsVersion = 12.0;
						TestTargetID = A44A155A251EDE78004DE5FF;
					};
				};
			};
			buildConfigurationList = A44A1556251EDE78004DE5FF /* Build configuration list for PBXProject "flixster" */;
			compatibilityVersion = "Xcode 9.3";
			developmentRegion = en;
			hasScannedForEncodings = 0;
			knownRegions = (
				en,
				Base,
			);
			mainGroup = A44A1552251EDE78004DE5FF;
			productRefGroup = A44A155C251EDE78004DE5FF /* Products */;
			projectDirPath = "";
			projectRoot = "";
			targets = (
				A44A155A251EDE78004DE5FF /* flixster */,
				A44A1570251EDE78004DE5FF /* flixsterTests */,
				A44A157B251EDE78004DE5FF /* flixsterUITests */,
			);
		};
/* End PBXProject section */

/* Begin PBXResourcesBuildPhase section */
		A44A1559251EDE78004DE5FF /* Resources */ = {
			isa = PBXResourcesBuildPhase;
			buildActionMask = 2147483647;
			files = (
				A44A156B251EDE78004DE5FF /* LaunchScreen.storyboard in Resources */,
				A44A1568251EDE78004DE5FF /* Assets.xcassets in Resources */,
				A44A1566251EDE78004DE5FF /* Main.storyboard in Resources */,
			);
			runOnlyForDeploymentPostprocessing = 0;
		};
		A44A156F251EDE78004DE5FF /* Resources */ = {
			isa = PBXResourcesBuildPhase;
			buildActionMask = 2147483647;
			files = (
			);
			runOnlyForDeploymentPostprocessing = 0;
		};
		A44A157A251EDE78004DE5FF /* Resources */ = {
			isa = PBXResourcesBuildPhase;
			buildActionMask = 2147483647;
			files = (
			);
			runOnlyForDeploymentPostprocessing = 0;
		};
/* End PBXResourcesBuildPhase section */

/* Begin PBXShellScriptBuildPhase section */
		1C1E6EC6D97C445D46E1E4D7 /* [CP] Embed Pods Frameworks */ = {
			isa = PBXShellScriptBuildPhase;
			buildActionMask = 2147483647;
			files = (
			);
			inputFileListPaths = (
				"${PODS_ROOT}/Target Support Files/Pods-flixster-flixsterUITests/Pods-flixster-flixsterUITests-frameworks-${CONFIGURATION}-input-files.xcfilelist",
			);
			name = "[CP] Embed Pods Frameworks";
			outputFileListPaths = (
				"${PODS_ROOT}/Target Support Files/Pods-flixster-flixsterUITests/Pods-flixster-flixsterUITests-frameworks-${CONFIGURATION}-output-files.xcfilelist",
			);
			runOnlyForDeploymentPostprocessing = 0;
			shellPath = /bin/sh;
			shellScript = "\"${PODS_ROOT}/Target Support Files/Pods-flixster-flixsterUITests/Pods-flixster-flixsterUITests-frameworks.sh\"\n";
			showEnvVarsInLog = 0;
		};
		203F9EA127053E27AD1162CD /* [CP] Embed Pods Frameworks */ = {
			isa = PBXShellScriptBuildPhase;
			buildActionMask = 2147483647;
			files = (
			);
			inputFileListPaths = (
				"${PODS_ROOT}/Target Support Files/Pods-flixster/Pods-flixster-frameworks-${CONFIGURATION}-input-files.xcfilelist",
			);
			name = "[CP] Embed Pods Frameworks";
			outputFileListPaths = (
				"${PODS_ROOT}/Target Support Files/Pods-flixster/Pods-flixster-frameworks-${CONFIGURATION}-output-files.xcfilelist",
			);
			runOnlyForDeploymentPostprocessing = 0;
			shellPath = /bin/sh;
			shellScript = "\"${PODS_ROOT}/Target Support Files/Pods-flixster/Pods-flixster-frameworks.sh\"\n";
			showEnvVarsInLog = 0;
		};
		506923E58528FFC04940E060 /* [CP] Check Pods Manifest.lock */ = {
			isa = PBXShellScriptBuildPhase;
			buildActionMask = 2147483647;
			files = (
			);
			inputFileListPaths = (
			);
			inputPaths = (
				"${PODS_PODFILE_DIR_PATH}/Podfile.lock",
				"${PODS_ROOT}/Manifest.lock",
			);
			name = "[CP] Check Pods Manifest.lock";
			outputFileListPaths = (
			);
			outputPaths = (
				"$(DERIVED_FILE_DIR)/Pods-flixster-checkManifestLockResult.txt",
			);
			runOnlyForDeploymentPostprocessing = 0;
			shellPath = /bin/sh;
			shellScript = "diff \"${PODS_PODFILE_DIR_PATH}/Podfile.lock\" \"${PODS_ROOT}/Manifest.lock\" > /dev/null\nif [ $? != 0 ] ; then\n    # print error to STDERR\n    echo \"error: The sandbox is not in sync with the Podfile.lock. Run 'pod install' or update your CocoaPods installation.\" >&2\n    exit 1\nfi\n# This output is used by Xcode 'outputs' to avoid re-running this script phase.\necho \"SUCCESS\" > \"${SCRIPT_OUTPUT_FILE_0}\"\n";
			showEnvVarsInLog = 0;
		};
		56558710F1750D6721324A06 /* [CP] Check Pods Manifest.lock */ = {
			isa = PBXShellScriptBuildPhase;
			buildActionMask = 2147483647;
			files = (
			);
			inputFileListPaths = (
			);
			inputPaths = (
				"${PODS_PODFILE_DIR_PATH}/Podfile.lock",
				"${PODS_ROOT}/Manifest.lock",
			);
			name = "[CP] Check Pods Manifest.lock";
			outputFileListPaths = (
			);
			outputPaths = (
				"$(DERIVED_FILE_DIR)/Pods-flixsterTests-checkManifestLockResult.txt",
			);
			runOnlyForDeploymentPostprocessing = 0;
			shellPath = /bin/sh;
			shellScript = "diff \"${PODS_PODFILE_DIR_PATH}/Podfile.lock\" \"${PODS_ROOT}/Manifest.lock\" > /dev/null\nif [ $? != 0 ] ; then\n    # print error to STDERR\n    echo \"error: The sandbox is not in sync with the Podfile.lock. Run 'pod install' or update your CocoaPods installation.\" >&2\n    exit 1\nfi\n# This output is used by Xcode 'outputs' to avoid re-running this script phase.\necho \"SUCCESS\" > \"${SCRIPT_OUTPUT_FILE_0}\"\n";
			showEnvVarsInLog = 0;
		};
		D76B95480B79BFBE4F0BBEF6 /* [CP] Check Pods Manifest.lock */ = {
			isa = PBXShellScriptBuildPhase;
			buildActionMask = 2147483647;
			files = (
			);
			inputFileListPaths = (
			);
			inputPaths = (
				"${PODS_PODFILE_DIR_PATH}/Podfile.lock",
				"${PODS_ROOT}/Manifest.lock",
			);
			name = "[CP] Check Pods Manifest.lock";
			outputFileListPaths = (
			);
			outputPaths = (
				"$(DERIVED_FILE_DIR)/Pods-flixster-flixsterUITests-checkManifestLockResult.txt",
			);
			runOnlyForDeploymentPostprocessing = 0;
			shellPath = /bin/sh;
			shellScript = "diff \"${PODS_PODFILE_DIR_PATH}/Podfile.lock\" \"${PODS_ROOT}/Manifest.lock\" > /dev/null\nif [ $? != 0 ] ; then\n    # print error to STDERR\n    echo \"error: The sandbox is not in sync with the Podfile.lock. Run 'pod install' or update your CocoaPods installation.\" >&2\n    exit 1\nfi\n# This output is used by Xcode 'outputs' to avoid re-running this script phase.\necho \"SUCCESS\" > \"${SCRIPT_OUTPUT_FILE_0}\"\n";
			showEnvVarsInLog = 0;
		};
/* End PBXShellScriptBuildPhase section */

/* Begin PBXSourcesBuildPhase section */
		A44A1557251EDE78004DE5FF /* Sources */ = {
			isa = PBXSourcesBuildPhase;
			buildActionMask = 2147483647;
			files = (
				A4C765732527E947007BA13E /* MovieDetailsViewController.swift in Sources */,
				A44A155F251EDE78004DE5FF /* AppDelegate.swift in Sources */,
				A44A1561251EDE78004DE5FF /* SceneDelegate.swift in Sources */,
				A44A15A2251EF609004DE5FF /* MovieCell.swift in Sources */,
				A44A159D251EDF15004DE5FF /* MoviesViewController.swift in Sources */,
				A4C765782527FB60007BA13E /* MovieGridViewController.swift in Sources */,
				A4C7657D2527FF4F007BA13E /* MovieGridCell.swift in Sources */,
			);
			runOnlyForDeploymentPostprocessing = 0;
		};
		A44A156D251EDE78004DE5FF /* Sources */ = {
			isa = PBXSourcesBuildPhase;
			buildActionMask = 2147483647;
			files = (
				A44A1576251EDE78004DE5FF /* flixsterTests.swift in Sources */,
			);
			runOnlyForDeploymentPostprocessing = 0;
		};
		A44A1578251EDE78004DE5FF /* Sources */ = {
			isa = PBXSourcesBuildPhase;
			buildActionMask = 2147483647;
			files = (
				A44A1581251EDE78004DE5FF /* flixsterUITests.swift in Sources */,
			);
			runOnlyForDeploymentPostprocessing = 0;
		};
/* End PBXSourcesBuildPhase section */

/* Begin PBXTargetDependency section */
		A44A1573251EDE78004DE5FF /* PBXTargetDependency */ = {
			isa = PBXTargetDependency;
			target = A44A155A251EDE78004DE5FF /* flixster */;
			targetProxy = A44A1572251EDE78004DE5FF /* PBXContainerItemProxy */;
		};
		A44A157E251EDE78004DE5FF /* PBXTargetDependency */ = {
			isa = PBXTargetDependency;
			target = A44A155A251EDE78004DE5FF /* flixster */;
			targetProxy = A44A157D251EDE78004DE5FF /* PBXContainerItemProxy */;
		};
/* End PBXTargetDependency section */

/* Begin PBXVariantGroup section */
		A44A1564251EDE78004DE5FF /* Main.storyboard */ = {
			isa = PBXVariantGroup;
			children = (
				A44A1565251EDE78004DE5FF /* Base */,
			);
			name = Main.storyboard;
			sourceTree = "<group>";
		};
		A44A1569251EDE78004DE5FF /* LaunchScreen.storyboard */ = {
			isa = PBXVariantGroup;
			children = (
				A44A156A251EDE78004DE5FF /* Base */,
			);
			name = LaunchScreen.storyboard;
			sourceTree = "<group>";
		};
/* End PBXVariantGroup section */

/* Begin XCBuildConfiguration section */
		A44A1583251EDE78004DE5FF /* Debug */ = {
			isa = XCBuildConfiguration;
			buildSettings = {
				ALWAYS_SEARCH_USER_PATHS = NO;
				CLANG_ANALYZER_NONNULL = YES;
				CLANG_ANALYZER_NUMBER_OBJECT_CONVERSION = YES_AGGRESSIVE;
				CLANG_CXX_LANGUAGE_STANDARD = "gnu++14";
				CLANG_CXX_LIBRARY = "libc++";
				CLANG_ENABLE_MODULES = YES;
				CLANG_ENABLE_OBJC_ARC = YES;
				CLANG_ENABLE_OBJC_WEAK = YES;
				CLANG_WARN_BLOCK_CAPTURE_AUTORELEASING = YES;
				CLANG_WARN_BOOL_CONVERSION = YES;
				CLANG_WARN_COMMA = YES;
				CLANG_WARN_CONSTANT_CONVERSION = YES;
				CLANG_WARN_DEPRECATED_OBJC_IMPLEMENTATIONS = YES;
				CLANG_WARN_DIRECT_OBJC_ISA_USAGE = YES_ERROR;
				CLANG_WARN_DOCUMENTATION_COMMENTS = YES;
				CLANG_WARN_EMPTY_BODY = YES;
				CLANG_WARN_ENUM_CONVERSION = YES;
				CLANG_WARN_INFINITE_RECURSION = YES;
				CLANG_WARN_INT_CONVERSION = YES;
				CLANG_WARN_NON_LITERAL_NULL_CONVERSION = YES;
				CLANG_WARN_OBJC_IMPLICIT_RETAIN_SELF = YES;
				CLANG_WARN_OBJC_LITERAL_CONVERSION = YES;
				CLANG_WARN_OBJC_ROOT_CLASS = YES_ERROR;
				CLANG_WARN_QUOTED_INCLUDE_IN_FRAMEWORK_HEADER = YES;
				CLANG_WARN_RANGE_LOOP_ANALYSIS = YES;
				CLANG_WARN_STRICT_PROTOTYPES = YES;
				CLANG_WARN_SUSPICIOUS_MOVE = YES;
				CLANG_WARN_UNGUARDED_AVAILABILITY = YES_AGGRESSIVE;
				CLANG_WARN_UNREACHABLE_CODE = YES;
				CLANG_WARN__DUPLICATE_METHOD_MATCH = YES;
				COPY_PHASE_STRIP = NO;
				DEBUG_INFORMATION_FORMAT = dwarf;
				ENABLE_STRICT_OBJC_MSGSEND = YES;
				ENABLE_TESTABILITY = YES;
				GCC_C_LANGUAGE_STANDARD = gnu11;
				GCC_DYNAMIC_NO_PIC = NO;
				GCC_NO_COMMON_BLOCKS = YES;
				GCC_OPTIMIZATION_LEVEL = 0;
				GCC_PREPROCESSOR_DEFINITIONS = (
					"DEBUG=1",
					"$(inherited)",
				);
				GCC_WARN_64_TO_32_BIT_CONVERSION = YES;
				GCC_WARN_ABOUT_RETURN_TYPE = YES_ERROR;
				GCC_WARN_UNDECLARED_SELECTOR = YES;
				GCC_WARN_UNINITIALIZED_AUTOS = YES_AGGRESSIVE;
				GCC_WARN_UNUSED_FUNCTION = YES;
				GCC_WARN_UNUSED_VARIABLE = YES;
				IPHONEOS_DEPLOYMENT_TARGET = 14.0;
				MTL_ENABLE_DEBUG_INFO = INCLUDE_SOURCE;
				MTL_FAST_MATH = YES;
				ONLY_ACTIVE_ARCH = YES;
				SDKROOT = iphoneos;
				SWIFT_ACTIVE_COMPILATION_CONDITIONS = DEBUG;
				SWIFT_OPTIMIZATION_LEVEL = "-Onone";
			};
			name = Debug;
		};
		A44A1584251EDE78004DE5FF /* Release */ = {
			isa = XCBuildConfiguration;
			buildSettings = {
				ALWAYS_SEARCH_USER_PATHS = NO;
				CLANG_ANALYZER_NONNULL = YES;
				CLANG_ANALYZER_NUMBER_OBJECT_CONVERSION = YES_AGGRESSIVE;
				CLANG_CXX_LANGUAGE_STANDARD = "gnu++14";
				CLANG_CXX_LIBRARY = "libc++";
				CLANG_ENABLE_MODULES = YES;
				CLANG_ENABLE_OBJC_ARC = YES;
				CLANG_ENABLE_OBJC_WEAK = YES;
				CLANG_WARN_BLOCK_CAPTURE_AUTORELEASING = YES;
				CLANG_WARN_BOOL_CONVERSION = YES;
				CLANG_WARN_COMMA = YES;
				CLANG_WARN_CONSTANT_CONVERSION = YES;
				CLANG_WARN_DEPRECATED_OBJC_IMPLEMENTATIONS = YES;
				CLANG_WARN_DIRECT_OBJC_ISA_USAGE = YES_ERROR;
				CLANG_WARN_DOCUMENTATION_COMMENTS = YES;
				CLANG_WARN_EMPTY_BODY = YES;
				CLANG_WARN_ENUM_CONVERSION = YES;
				CLANG_WARN_INFINITE_RECURSION = YES;
				CLANG_WARN_INT_CONVERSION = YES;
				CLANG_WARN_NON_LITERAL_NULL_CONVERSION = YES;
				CLANG_WARN_OBJC_IMPLICIT_RETAIN_SELF = YES;
				CLANG_WARN_OBJC_LITERAL_CONVERSION = YES;
				CLANG_WARN_OBJC_ROOT_CLASS = YES_ERROR;
				CLANG_WARN_QUOTED_INCLUDE_IN_FRAMEWORK_HEADER = YES;
				CLANG_WARN_RANGE_LOOP_ANALYSIS = YES;
				CLANG_WARN_STRICT_PROTOTYPES = YES;
				CLANG_WARN_SUSPICIOUS_MOVE = YES;
				CLANG_WARN_UNGUARDED_AVAILABILITY = YES_AGGRESSIVE;
				CLANG_WARN_UNREACHABLE_CODE = YES;
				CLANG_WARN__DUPLICATE_METHOD_MATCH = YES;
				COPY_PHASE_STRIP = NO;
				DEBUG_INFORMATION_FORMAT = "dwarf-with-dsym";
				ENABLE_NS_ASSERTIONS = NO;
				ENABLE_STRICT_OBJC_MSGSEND = YES;
				GCC_C_LANGUAGE_STANDARD = gnu11;
				GCC_NO_COMMON_BLOCKS = YES;
				GCC_WARN_64_TO_32_BIT_CONVERSION = YES;
				GCC_WARN_ABOUT_RETURN_TYPE = YES_ERROR;
				GCC_WARN_UNDECLARED_SELECTOR = YES;
				GCC_WARN_UNINITIALIZED_AUTOS = YES_AGGRESSIVE;
				GCC_WARN_UNUSED_FUNCTION = YES;
				GCC_WARN_UNUSED_VARIABLE = YES;
				IPHONEOS_DEPLOYMENT_TARGET = 14.0;
				MTL_ENABLE_DEBUG_INFO = NO;
				MTL_FAST_MATH = YES;
				SDKROOT = iphoneos;
				SWIFT_COMPILATION_MODE = wholemodule;
				SWIFT_OPTIMIZATION_LEVEL = "-O";
				VALIDATE_PRODUCT = YES;
			};
			name = Release;
		};
		A44A1586251EDE78004DE5FF /* Debug */ = {
			isa = XCBuildConfiguration;
			baseConfigurationReference = 34D4F80C9ECFC4FEC1742FAB /* Pods-flixster.debug.xcconfig */;
			buildSettings = {
				ALWAYS_EMBED_SWIFT_STANDARD_LIBRARIES = NO;
				ASSETCATALOG_COMPILER_APPICON_NAME = AppIcon;
				ASSETCATALOG_COMPILER_GLOBAL_ACCENT_COLOR_NAME = AccentColor;
				CODE_SIGN_STYLE = Automatic;
				INFOPLIST_FILE = flixster/Info.plist;
				LD_RUNPATH_SEARCH_PATHS = (
					"$(inherited)",
					"@executable_path/Frameworks",
				);
				PRODUCT_BUNDLE_IDENTIFIER = CPSandyCamilo.flixster;
				PRODUCT_NAME = "$(TARGET_NAME)";
				SWIFT_VERSION = 5.0;
				TARGETED_DEVICE_FAMILY = "1,2";
			};
			name = Debug;
		};
		A44A1587251EDE78004DE5FF /* Release */ = {
			isa = XCBuildConfiguration;
			baseConfigurationReference = 55223D21B2106BC593EA9602 /* Pods-flixster.release.xcconfig */;
			buildSettings = {
				ALWAYS_EMBED_SWIFT_STANDARD_LIBRARIES = NO;
				ASSETCATALOG_COMPILER_APPICON_NAME = AppIcon;
				ASSETCATALOG_COMPILER_GLOBAL_ACCENT_COLOR_NAME = AccentColor;
				CODE_SIGN_STYLE = Automatic;
				INFOPLIST_FILE = flixster/Info.plist;
				LD_RUNPATH_SEARCH_PATHS = (
					"$(inherited)",
					"@executable_path/Frameworks",
				);
				PRODUCT_BUNDLE_IDENTIFIER = CPSandyCamilo.flixster;
				PRODUCT_NAME = "$(TARGET_NAME)";
				SWIFT_VERSION = 5.0;
				TARGETED_DEVICE_FAMILY = "1,2";
			};
			name = Release;
		};
		A44A1589251EDE78004DE5FF /* Debug */ = {
			isa = XCBuildConfiguration;
			baseConfigurationReference = 14FF8DC5F05F1AD051F65B48 /* Pods-flixsterTests.debug.xcconfig */;
			buildSettings = {
				ALWAYS_EMBED_SWIFT_STANDARD_LIBRARIES = YES;
				BUNDLE_LOADER = "$(TEST_HOST)";
				CODE_SIGN_STYLE = Automatic;
				INFOPLIST_FILE = flixsterTests/Info.plist;
				IPHONEOS_DEPLOYMENT_TARGET = 14.0;
				LD_RUNPATH_SEARCH_PATHS = (
					"$(inherited)",
					"@executable_path/Frameworks",
					"@loader_path/Frameworks",
				);
				PRODUCT_BUNDLE_IDENTIFIER = CPSandyCamilo.flixsterTests;
				PRODUCT_NAME = "$(TARGET_NAME)";
				SWIFT_VERSION = 5.0;
				TARGETED_DEVICE_FAMILY = "1,2";
				TEST_HOST = "$(BUILT_PRODUCTS_DIR)/flixster.app/flixster";
			};
			name = Debug;
		};
		A44A158A251EDE78004DE5FF /* Release */ = {
			isa = XCBuildConfiguration;
			baseConfigurationReference = CB3ADAB5DB72545B037B1169 /* Pods-flixsterTests.release.xcconfig */;
			buildSettings = {
				ALWAYS_EMBED_SWIFT_STANDARD_LIBRARIES = YES;
				BUNDLE_LOADER = "$(TEST_HOST)";
				CODE_SIGN_STYLE = Automatic;
				INFOPLIST_FILE = flixsterTests/Info.plist;
				IPHONEOS_DEPLOYMENT_TARGET = 14.0;
				LD_RUNPATH_SEARCH_PATHS = (
					"$(inherited)",
					"@executable_path/Frameworks",
					"@loader_path/Frameworks",
				);
				PRODUCT_BUNDLE_IDENTIFIER = CPSandyCamilo.flixsterTests;
				PRODUCT_NAME = "$(TARGET_NAME)";
				SWIFT_VERSION = 5.0;
				TARGETED_DEVICE_FAMILY = "1,2";
				TEST_HOST = "$(BUILT_PRODUCTS_DIR)/flixster.app/flixster";
			};
			name = Release;
		};
		A44A158C251EDE78004DE5FF /* Debug */ = {
			isa = XCBuildConfiguration;
			baseConfigurationReference = CC29A5083D499330796D94B4 /* Pods-flixster-flixsterUITests.debug.xcconfig */;
			buildSettings = {
				ALWAYS_EMBED_SWIFT_STANDARD_LIBRARIES = YES;
				CODE_SIGN_STYLE = Automatic;
				INFOPLIST_FILE = flixsterUITests/Info.plist;
				LD_RUNPATH_SEARCH_PATHS = (
					"$(inherited)",
					"@executable_path/Frameworks",
					"@loader_path/Frameworks",
				);
				PRODUCT_BUNDLE_IDENTIFIER = CPSandyCamilo.flixsterUITests;
				PRODUCT_NAME = "$(TARGET_NAME)";
				SWIFT_VERSION = 5.0;
				TARGETED_DEVICE_FAMILY = "1,2";
				TEST_TARGET_NAME = flixster;
			};
			name = Debug;
		};
		A44A158D251EDE78004DE5FF /* Release */ = {
			isa = XCBuildConfiguration;
			baseConfigurationReference = A5CD94EE5D1C4956A30F0DAE /* Pods-flixster-flixsterUITests.release.xcconfig */;
			buildSettings = {
				ALWAYS_EMBED_SWIFT_STANDARD_LIBRARIES = YES;
				CODE_SIGN_STYLE = Automatic;
				INFOPLIST_FILE = flixsterUITests/Info.plist;
				LD_RUNPATH_SEARCH_PATHS = (
					"$(inherited)",
					"@executable_path/Frameworks",
					"@loader_path/Frameworks",
				);
				PRODUCT_BUNDLE_IDENTIFIER = CPSandyCamilo.flixsterUITests;
				PRODUCT_NAME = "$(TARGET_NAME)";
				SWIFT_VERSION = 5.0;
				TARGETED_DEVICE_FAMILY = "1,2";
				TEST_TARGET_NAME = flixster;
			};
			name = Release;
		};
/* End XCBuildConfiguration section */

/* Begin XCConfigurationList section */
		A44A1556251EDE78004DE5FF /* Build configuration list for PBXProject "flixster" */ = {
			isa = XCConfigurationList;
			buildConfigurations = (
				A44A1583251EDE78004DE5FF /* Debug */,
				A44A1584251EDE78004DE5FF /* Release */,
			);
			defaultConfigurationIsVisible = 0;
			defaultConfigurationName = Release;
		};
		A44A1585251EDE78004DE5FF /* Build configuration list for PBXNativeTarget "flixster" */ = {
			isa = XCConfigurationList;
			buildConfigurations = (
				A44A1586251EDE78004DE5FF /* Debug */,
				A44A1587251EDE78004DE5FF /* Release */,
			);
			defaultConfigurationIsVisible = 0;
			defaultConfigurationName = Release;
		};
		A44A1588251EDE78004DE5FF /* Build configuration list for PBXNativeTarget "flixsterTests" */ = {
			isa = XCConfigurationList;
			buildConfigurations = (
				A44A1589251EDE78004DE5FF /* Debug */,
				A44A158A251EDE78004DE5FF /* Release */,
			);
			defaultConfigurationIsVisible = 0;
			defaultConfigurationName = Release;
		};
		A44A158B251EDE78004DE5FF /* Build configuration list for PBXNativeTarget "flixsterUITests" */ = {
			isa = XCConfigurationList;
			buildConfigurations = (
				A44A158C251EDE78004DE5FF /* Debug */,
				A44A158D251EDE78004DE5FF /* Release */,
			);
			defaultConfigurationIsVisible = 0;
			defaultConfigurationName = Release;
		};
/* End XCConfigurationList section */
	};
	rootObject = A44A1553251EDE78004DE5FF /* Project object */;
}
